{
  "requires": true,
  "lockfileVersion": 1,
  "dependencies": {
    "gsap": {
      "version": "3.2.6",
      "resolved": "https://registry.npmjs.org/gsap/-/gsap-3.2.6.tgz",
      "integrity": "sha512-QX7WQWZUAooS9tOCYg4kKLcnjBreA4Xyu11EVx6zp4BbKijnMK+NtzkB47las/E0luFE84hGscOZm5vd13KzZA=="
    }
  }
}
